{
  "name": "lingua-kids",
  "lockfileVersion": 3,
  "requires": true,
  "packages": {
    "": {
      "dependencies": {
        "@types/dom-speech-recognition": "^0.0.4",
        "axios": "^1.7.9",
        "transformer": "^1.2.8"
      }
    },
    "node_modules/@types/dom-speech-recognition": {
      "version": "0.0.4",
      "resolved": "https://registry.npmjs.org/@types/dom-speech-recognition/-/dom-speech-recognition-0.0.4.tgz",
      "integrity": "sha512-zf2GwV/G6TdaLwpLDcGTIkHnXf8JEf/viMux+khqKQKDa8/8BAUtXXZS563GnvJ4Fg0PBLGAaFf2GekEVSZ6GQ=="
    },
    "node_modules/assured": {
      "version": "1.0.15",
      "resolved": "https://registry.npmjs.org/assured/-/assured-1.0.15.tgz",
      "integrity": "sha512-EVb4T+6m5VdlTJ6gbv4WjBM1rHfzXP2BspsQ6VLswcnIQSabjJy7A9YEuG4/KmfF+9OEuT5xhqVJ+V1tClD5ww==",
      "dependencies": {
        "noop6": "^1.0.1",
        "sliced": "^1.0.1"
      }
    },
    "node_modules/asyncer.js": {
      "version": "1.0.10",
      "resolved": "https://registry.npmjs.org/asyncer.js/-/asyncer.js-1.0.10.tgz",
      "integrity": "sha512-enprUWzEhdtffHI04zA1pO6aLl0ugfZJyQpDNL2Y8UHzpdxo9dD1WECVkxU2S0jZ1ldcA6um1Myp72k7r9FKmw==",
      "dependencies": {
        "fn-result": "^1.0.4",
        "noop6": "^1.0.2",
        "one-by-one": "^3.2.1",
        "same-time": "^2.3.1",
        "typpy": "^2.3.3"
      }
    },
    "node_modules/asynckit": {
      "version": "0.4.0",
      "resolved": "https://registry.npmjs.org/asynckit/-/asynckit-0.4.0.tgz",
      "integrity": "sha512-Oei9OH4tRh0YqU3GxhX79dM/mwVgvbZJaSNaRk+bshkj0S5cfHcgYakreBjrHwatXKbz+IoIdYLxrKim2MjW0Q=="
    },
    "node_modules/axios": {
      "version": "1.7.9",
      "resolved": "https://registry.npmjs.org/axios/-/axios-1.7.9.tgz",
      "integrity": "sha512-LhLcE7Hbiryz8oMDdDptSrWowmB4Bl6RCt6sIJKpRB4XtVf0iEgewX3au/pJqm+Py1kCASkb/FFKjxQaLtxJvw==",
      "dependencies": {
        "follow-redirects": "^1.15.6",
        "form-data": "^4.0.0",
        "proxy-from-env": "^1.1.0"
      }
    },
    "node_modules/combined-stream": {
      "version": "1.0.8",
      "resolved": "https://registry.npmjs.org/combined-stream/-/combined-stream-1.0.8.tgz",
      "integrity": "sha512-FQN4MRfuJeHf7cBbBMJFXhKSDq+2kAArBlmRBvcvFE5BB1HZKXtSFASDhdlz9zOYwxh8lDdnvmMOe/+5cdoEdg==",
      "dependencies": {
        "delayed-stream": "~1.0.0"
      },
      "engines": {
        "node": ">= 0.8"
      }
    },
    "node_modules/deffy": {
      "version": "2.2.4",
      "resolved": "https://registry.npmjs.org/deffy/-/deffy-2.2.4.tgz",
      "integrity": "sha512-pLc9lsbsWjr6RxmJ2OLyvm+9l4j1yK69h+TML/gUit/t3vTijpkNGh8LioaJYTGO7F25m6HZndADcUOo2PsiUg==",
      "dependencies": {
        "typpy": "^2.0.0"
      }
    },
    "node_modules/delayed-stream": {
      "version": "1.0.0",
      "resolved": "https://registry.npmjs.org/delayed-stream/-/delayed-stream-1.0.0.tgz",
      "integrity": "sha512-ZySD7Nf91aLB0RxL4KGrKHBXl7Eds1DAmEdcoVawXnLD7SDhpNgtuII2aAkg7a7QS41jxPSZ17p4VdGnMHk3MQ==",
      "engines": {
        "node": ">=0.4.0"
      }
    },
    "node_modules/fn-result": {
      "version": "1.0.12",
      "resolved": "https://registry.npmjs.org/fn-result/-/fn-result-1.0.12.tgz",
      "integrity": "sha512-CpNeB15FPGSPCiWar5crYmODXqw1iJx9bF1NBLOb4oCHIeNEtWCqnkzgDwuoO6ZJGDqx5i/YcCaLSs++CjA5yw==",
      "dependencies": {
        "assured": "^1.0.2"
      }
    },
    "node_modules/follow-redirects": {
      "version": "1.15.9",
      "resolved": "https://registry.npmjs.org/follow-redirects/-/follow-redirects-1.15.9.tgz",
      "integrity": "sha512-gew4GsXizNgdoRyqmyfMHyAmXsZDk6mHkSxZFCzW9gwlbtOW44CDtYavM+y+72qD/Vq2l550kMF52DT8fOLJqQ==",
      "funding": [
        {
          "type": "individual",
          "url": "https://github.com/sponsors/RubenVerborgh"
        }
      ],
      "engines": {
        "node": ">=4.0"
      },
      "peerDependenciesMeta": {
        "debug": {
          "optional": true
        }
      }
    },
    "node_modules/form-data": {
      "version": "4.0.1",
      "resolved": "https://registry.npmjs.org/form-data/-/form-data-4.0.1.tgz",
      "integrity": "sha512-tzN8e4TX8+kkxGPK8D5u0FNmjPUjw3lwC9lSLxxoB/+GtsJG91CO8bSWy73APlgAZzZbXEYZJuxjkHH2w+Ezhw==",
      "dependencies": {
        "asynckit": "^0.4.0",
        "combined-stream": "^1.0.8",
        "mime-types": "^2.1.12"
      },
      "engines": {
        "node": ">= 6"
      }
    },
    "node_modules/function.name": {
      "version": "1.0.13",
      "resolved": "https://registry.npmjs.org/function.name/-/function.name-1.0.13.tgz",
      "integrity": "sha512-mVrqdoy5npWZyoXl4DxCeuVF6delDcQjVS9aPdvLYlBxtMTZDR2B5GVEQEoM1jJyspCqg3C0v4ABkLE7tp9xFA==",
      "dependencies": {
        "noop6": "^1.0.1"
      }
    },
    "node_modules/mime-db": {
      "version": "1.52.0",
      "resolved": "https://registry.npmjs.org/mime-db/-/mime-db-1.52.0.tgz",
      "integrity": "sha512-sPU4uV7dYlvtWJxwwxHD0PuihVNiE7TyAbQ5SWxDCB9mUYvOgroQOwYQQOKPJ8CIbE+1ETVlOoK1UC2nU3gYvg==",
      "engines": {
        "node": ">= 0.6"
      }
    },
    "node_modules/mime-types": {
      "version": "2.1.35",
      "resolved": "https://registry.npmjs.org/mime-types/-/mime-types-2.1.35.tgz",
      "integrity": "sha512-ZDY+bPm5zTTF+YpCrAU9nK0UgICYPT0QtT1NZWFv4s++TNkcgVaT0g6+4R2uI4MjQjzysHB1zxuWL50hzaeXiw==",
      "dependencies": {
        "mime-db": "1.52.0"
      },
      "engines": {
        "node": ">= 0.6"
      }
    },
    "node_modules/noop6": {
      "version": "1.0.9",
      "resolved": "https://registry.npmjs.org/noop6/-/noop6-1.0.9.tgz",
      "integrity": "sha512-DB3Hwyd89dPr5HqEPg3YHjzvwh/mCqizC1zZ8vyofqc+TQRyPDnT4wgXXbLGF4z9YAzwwTLi8pNLhGqcbSjgkA=="
    },
    "node_modules/obj-def": {
      "version": "1.0.9",
      "resolved": "https://registry.npmjs.org/obj-def/-/obj-def-1.0.9.tgz",
      "integrity": "sha512-bQ4ya3VYD6FAA1+s6mEhaURRHSmw4+sKaXE6UyXZ1XDYc5D+c7look25dFdydmLd18epUegh398gdDkMUZI9xg==",
      "dependencies": {
        "deffy": "^2.2.2"
      }
    },
    "node_modules/one-by-one": {
      "version": "3.2.8",
      "resolved": "https://registry.npmjs.org/one-by-one/-/one-by-one-3.2.8.tgz",
      "integrity": "sha512-HR/pSzZdm46Xqj58K+Bu64kMbSTw8/u77AwWvV+rprO/OsuR++pPlkUJn+SmwqBGRgHKwSKQ974V3uls7crIeQ==",
      "dependencies": {
        "obj-def": "^1.0.0",
        "sliced": "^1.0.1"
      }
    },
    "node_modules/proxy-from-env": {
      "version": "1.1.0",
      "resolved": "https://registry.npmjs.org/proxy-from-env/-/proxy-from-env-1.1.0.tgz",
      "integrity": "sha512-D+zkORCbA9f1tdWRK0RaCR3GPv50cMxcrz4X8k5LTSUD1Dkw47mKJEZQNunItRTkWwgtaUSo1RVFRIG9ZXiFYg=="
    },
    "node_modules/same-time": {
      "version": "2.3.5",
      "resolved": "https://registry.npmjs.org/same-time/-/same-time-2.3.5.tgz",
      "integrity": "sha512-SnVw4CihgrwwcZs38vqW1890OwilOQPnath+kQCX7Un+PfcjR52rThxPfuNpNEd3UrphL22/SleM7hcbiaJu1A==",
      "dependencies": {
        "deffy": "2.0.0"
      }
    },
    "node_modules/same-time/node_modules/deffy": {
      "version": "2.0.0",
      "resolved": "https://registry.npmjs.org/deffy/-/deffy-2.0.0.tgz",
      "integrity": "sha512-Gcn10MX982lqx8XmJES2JvN8Im7h0lFwRanyQfkQG2wXko4SouD0pSGUlK6Do165Itfidhpssn6NqlRkKp/4ig==",
      "dependencies": {
        "typpy": "^2.0.0"
      }
    },
    "node_modules/sliced": {
      "version": "1.0.1",
      "resolved": "https://registry.npmjs.org/sliced/-/sliced-1.0.1.tgz",
      "integrity": "sha512-VZBmZP8WU3sMOZm1bdgTadsQbcscK0UM8oKxKVBs4XAhUo2Xxzm/OFMGBkPusxw9xL3Uy8LrzEqGqJhclsr0yA=="
    },
    "node_modules/transformer": {
      "version": "1.2.8",
      "resolved": "https://registry.npmjs.org/transformer/-/transformer-1.2.8.tgz",
      "integrity": "sha512-w84zdeE0GTEqHSWuapDx+kRNR417RAwj4YNzRONXaCs5qMdM8UN48W6AuRchNmzt1rQgVh6KYjDyFgXbZcgb9Q==",
      "dependencies": {
        "asyncer.js": "^1.0.0",
        "deffy": "^2.2.2",
        "fn-result": "^1.0.4",
        "noop6": "^1.0.2",
        "typpy": "^2.3.3",
        "ul": "^5.2.2"
      }
    },
    "node_modules/typpy": {
      "version": "2.3.13",
      "resolved": "https://registry.npmjs.org/typpy/-/typpy-2.3.13.tgz",
      "integrity": "sha512-vOxIcQz9sxHi+rT09SJ5aDgVgrPppQjwnnayTrMye1ODaU8gIZTDM19t9TxmEElbMihx2Nq/0/b/MtyKfayRqA==",
      "dependencies": {
        "function.name": "^1.0.3"
      }
    },
    "node_modules/ul": {
      "version": "5.2.15",
      "resolved": "https://registry.npmjs.org/ul/-/ul-5.2.15.tgz",
      "integrity": "sha512-svLEUy8xSCip5IWnsRa0UOg+2zP0Wsj4qlbjTmX6GJSmvKMHADBuHOm1dpNkWqWPIGuVSqzUkV3Cris5JrlTRQ==",
      "dependencies": {
        "deffy": "^2.2.2",
        "typpy": "^2.3.4"
      }
    }
  }
}
